// !$*UTF8*$!
{
	archiveVersion = 1;
	classes = {
	};
	objectVersion = 46;
	objects = {

/* Begin PBXBuildFile section */
		07F45C4216E3D01B40FA2EDB /* Pods_MetroTransit.framework in Frameworks */ = {isa = PBXBuildFile; fileRef = DEF8000B9FE520985A25FFE8 /* Pods_MetroTransit.framework */; };
		C54310B81C9C7B6B0080D65A /* HTTPClient.swift in Sources */ = {isa = PBXBuildFile; fileRef = C54310B71C9C7B6B0080D65A /* HTTPClient.swift */; };
		C54310C21C9C7DD20080D65A /* NetworkConfig.swift in Sources */ = {isa = PBXBuildFile; fileRef = C54310C11C9C7DD20080D65A /* NetworkConfig.swift */; };
		C54310CC1C9C94320080D65A /* RouteTestBasic.swift in Sources */ = {isa = PBXBuildFile; fileRef = C54310CB1C9C94320080D65A /* RouteTestBasic.swift */; };
		C54310D41C9C9AA40080D65A /* DirectionTestBasic.swift in Sources */ = {isa = PBXBuildFile; fileRef = C54310D31C9C9AA40080D65A /* DirectionTestBasic.swift */; };
		C54310D61C9C9CB50080D65A /* XCTest+Wait.swift in Sources */ = {isa = PBXBuildFile; fileRef = C54310D51C9C9CB50080D65A /* XCTest+Wait.swift */; };
		C54310D81C9C9F420080D65A /* short_routes.txt in Resources */ = {isa = PBXBuildFile; fileRef = C54310D71C9C9F420080D65A /* short_routes.txt */; };
		E9E9F37C0686308234788731 /* Pods_MetroTransitTests.framework in Frameworks */ = {isa = PBXBuildFile; fileRef = 93D770E759B172C348A7B970 /* Pods_MetroTransitTests.framework */; };
		FB14BB831C8FC421000D37C5 /* DirectionsViewController.swift in Sources */ = {isa = PBXBuildFile; fileRef = FB14BB781C8FC421000D37C5 /* DirectionsViewController.swift */; };
		FB14BB841C8FC421000D37C5 /* ProvidersViewController.swift in Sources */ = {isa = PBXBuildFile; fileRef = FB14BB7A1C8FC421000D37C5 /* ProvidersViewController.swift */; };
		FB14BB851C8FC421000D37C5 /* RoutesViewController.swift in Sources */ = {isa = PBXBuildFile; fileRef = FB14BB7C1C8FC421000D37C5 /* RoutesViewController.swift */; };
		FB14BB861C8FC421000D37C5 /* StopsViewController.swift in Sources */ = {isa = PBXBuildFile; fileRef = FB14BB7E1C8FC421000D37C5 /* StopsViewController.swift */; };
		FB14BB871C8FC421000D37C5 /* UserAnnotation.swift in Sources */ = {isa = PBXBuildFile; fileRef = FB14BB801C8FC421000D37C5 /* UserAnnotation.swift */; };
		FB14BB881C8FC421000D37C5 /* VehicleAnnotation.swift in Sources */ = {isa = PBXBuildFile; fileRef = FB14BB811C8FC421000D37C5 /* VehicleAnnotation.swift */; };
		FB14BB891C8FC421000D37C5 /* VehiclesViewController.swift in Sources */ = {isa = PBXBuildFile; fileRef = FB14BB821C8FC421000D37C5 /* VehiclesViewController.swift */; };
		FB14BB951C8FC629000D37C5 /* DirectionsViewController+UITableView.swift in Sources */ = {isa = PBXBuildFile; fileRef = FB14BB941C8FC629000D37C5 /* DirectionsViewController+UITableView.swift */; };
		FB14BB971C8FC68F000D37C5 /* DirectionsViewModel.swift in Sources */ = {isa = PBXBuildFile; fileRef = FB14BB961C8FC68F000D37C5 /* DirectionsViewModel.swift */; };
		FB14BB9B1C8FCD24000D37C5 /* NSManagedObject+Utility.swift in Sources */ = {isa = PBXBuildFile; fileRef = FB14BB9A1C8FCD24000D37C5 /* NSManagedObject+Utility.swift */; };
		FB14BB9F1C8FDF34000D37C5 /* ProvidersViewController+UITableView.swift in Sources */ = {isa = PBXBuildFile; fileRef = FB14BB9E1C8FDF34000D37C5 /* ProvidersViewController+UITableView.swift */; };
		FB14BBA31C8FE14A000D37C5 /* RoutesViewModel.swift in Sources */ = {isa = PBXBuildFile; fileRef = FB14BBA21C8FE14A000D37C5 /* RoutesViewModel.swift */; };
		FB14BBA51C8FE156000D37C5 /* RoutesViewController+UITableViewController.swift in Sources */ = {isa = PBXBuildFile; fileRef = FB14BBA41C8FE156000D37C5 /* RoutesViewController+UITableViewController.swift */; };
		FB14BBA91C8FE293000D37C5 /* RoutesViewController+UISearchBar.swift in Sources */ = {isa = PBXBuildFile; fileRef = FB14BBA81C8FE293000D37C5 /* RoutesViewController+UISearchBar.swift */; };
		FB14BBAB1C8FE30A000D37C5 /* StopsViewModel.swift in Sources */ = {isa = PBXBuildFile; fileRef = FB14BBAA1C8FE30A000D37C5 /* StopsViewModel.swift */; };
		FB14BBAF1C8FE31E000D37C5 /* StopsViewController+UITableView.swift in Sources */ = {isa = PBXBuildFile; fileRef = FB14BBAE1C8FE31E000D37C5 /* StopsViewController+UITableView.swift */; };
		FB14BBB11C8FE4CC000D37C5 /* VehiclesViewModel.swift in Sources */ = {isa = PBXBuildFile; fileRef = FB14BBB01C8FE4CC000D37C5 /* VehiclesViewModel.swift */; };
		FB39EBCE1C699BDC009D8B95 /* MetroAPI.xcdatamodeld in Sources */ = {isa = PBXBuildFile; fileRef = FB39EBCC1C699BDC009D8B95 /* MetroAPI.xcdatamodeld */; };
		FB39EBDD1C699E5D009D8B95 /* DirectionTests.swift in Sources */ = {isa = PBXBuildFile; fileRef = FB39EBD11C699E5D009D8B95 /* DirectionTests.swift */; };
		FB39EBDE1C699E5D009D8B95 /* ProviderTests.swift in Sources */ = {isa = PBXBuildFile; fileRef = FB39EBD21C699E5D009D8B95 /* ProviderTests.swift */; };
		FB39EBDF1C699E5D009D8B95 /* RouteTests.swift in Sources */ = {isa = PBXBuildFile; fileRef = FB39EBD31C699E5D009D8B95 /* RouteTests.swift */; };
		FB39EBE01C699E5D009D8B95 /* StopTests.swift in Sources */ = {isa = PBXBuildFile; fileRef = FB39EBD41C699E5D009D8B95 /* StopTests.swift */; };
		FB39EBE11C699E5D009D8B95 /* VehicleLocationTests.swift in Sources */ = {isa = PBXBuildFile; fileRef = FB39EBD51C699E5D009D8B95 /* VehicleLocationTests.swift */; };
		FB936E041C908CC3008C7DDA /* VehiclesViewController+CoreLocation.swift in Sources */ = {isa = PBXBuildFile; fileRef = FB936E031C908CC3008C7DDA /* VehiclesViewController+CoreLocation.swift */; };
		FB936E061C908CD2008C7DDA /* VehiclesViewController+MapKit.swift in Sources */ = {isa = PBXBuildFile; fileRef = FB936E051C908CD2008C7DDA /* VehiclesViewController+MapKit.swift */; };
		FB936E111C908FE7008C7DDA /* DirectionsViewControllerTests.swift in Sources */ = {isa = PBXBuildFile; fileRef = FB936E081C908FE7008C7DDA /* DirectionsViewControllerTests.swift */; };
		FB936E121C908FE7008C7DDA /* ProvidersViewControllerTests.swift in Sources */ = {isa = PBXBuildFile; fileRef = FB936E091C908FE7008C7DDA /* ProvidersViewControllerTests.swift */; };
		FB936E131C908FE7008C7DDA /* RoutesViewControllerTests.swift in Sources */ = {isa = PBXBuildFile; fileRef = FB936E0A1C908FE7008C7DDA /* RoutesViewControllerTests.swift */; };
		FB936E141C908FE7008C7DDA /* StopsViewControllerTests.swift in Sources */ = {isa = PBXBuildFile; fileRef = FB936E0B1C908FE7008C7DDA /* StopsViewControllerTests.swift */; };
		FB936E151C908FE7008C7DDA /* UserAnnotationTests.swift in Sources */ = {isa = PBXBuildFile; fileRef = FB936E0C1C908FE7008C7DDA /* UserAnnotationTests.swift */; };
		FB936E161C908FE7008C7DDA /* VehicleAnnotationTests.swift in Sources */ = {isa = PBXBuildFile; fileRef = FB936E0D1C908FE7008C7DDA /* VehicleAnnotationTests.swift */; };
		FB936E171C908FE7008C7DDA /* VehiclesViewControllerTests.swift in Sources */ = {isa = PBXBuildFile; fileRef = FB936E0E1C908FE7008C7DDA /* VehiclesViewControllerTests.swift */; };
		FB936E181C908FE7008C7DDA /* full_routes.txt in Resources */ = {isa = PBXBuildFile; fileRef = FB936E101C908FE7008C7DDA /* full_routes.txt */; };
		FBB2CA5D1C699A31004D17D3 /* AppDelegate.swift in Sources */ = {isa = PBXBuildFile; fileRef = FBB2CA5C1C699A31004D17D3 /* AppDelegate.swift */; };
		FBB2CA621C699A31004D17D3 /* Main.storyboard in Resources */ = {isa = PBXBuildFile; fileRef = FBB2CA601C699A31004D17D3 /* Main.storyboard */; };
		FBB2CA671C699A31004D17D3 /* Assets.xcassets in Resources */ = {isa = PBXBuildFile; fileRef = FBB2CA661C699A31004D17D3 /* Assets.xcassets */; };
		FBB2CA6A1C699A31004D17D3 /* LaunchScreen.storyboard in Resources */ = {isa = PBXBuildFile; fileRef = FBB2CA681C699A31004D17D3 /* LaunchScreen.storyboard */; };
		FBB873C21CC5CAF400039353 /* ProvidersViewModel.swift in Sources */ = {isa = PBXBuildFile; fileRef = FBB873C11CC5CAF400039353 /* ProvidersViewModel.swift */; };
		FBB873D71CC5CDB400039353 /* Direction+CoreDataProperties.swift in Sources */ = {isa = PBXBuildFile; fileRef = FBB873C41CC5CDB400039353 /* Direction+CoreDataProperties.swift */; };
		FBB873D81CC5CDB400039353 /* Direction+Methods.swift in Sources */ = {isa = PBXBuildFile; fileRef = FBB873C51CC5CDB400039353 /* Direction+Methods.swift */; };
		FBB873D91CC5CDB400039353 /* Direction.swift in Sources */ = {isa = PBXBuildFile; fileRef = FBB873C61CC5CDB400039353 /* Direction.swift */; };
		FBB873DA1CC5CDB400039353 /* Provider+CoreDataProperties.swift in Sources */ = {isa = PBXBuildFile; fileRef = FBB873C81CC5CDB400039353 /* Provider+CoreDataProperties.swift */; };
		FBB873DB1CC5CDB400039353 /* Provider+Methods.swift in Sources */ = {isa = PBXBuildFile; fileRef = FBB873C91CC5CDB400039353 /* Provider+Methods.swift */; };
		FBB873DC1CC5CDB400039353 /* Provider.swift in Sources */ = {isa = PBXBuildFile; fileRef = FBB873CA1CC5CDB400039353 /* Provider.swift */; };
		FBB873DD1CC5CDB400039353 /* Route+CoreDataProperties.swift in Sources */ = {isa = PBXBuildFile; fileRef = FBB873CC1CC5CDB400039353 /* Route+CoreDataProperties.swift */; };
		FBB873DE1CC5CDB400039353 /* Route+Methods.swift in Sources */ = {isa = PBXBuildFile; fileRef = FBB873CD1CC5CDB400039353 /* Route+Methods.swift */; };
		FBB873DF1CC5CDB400039353 /* Route.swift in Sources */ = {isa = PBXBuildFile; fileRef = FBB873CE1CC5CDB400039353 /* Route.swift */; };
		FBB873E01CC5CDB400039353 /* Stop+CoreDataProperties.swift in Sources */ = {isa = PBXBuildFile; fileRef = FBB873D01CC5CDB400039353 /* Stop+CoreDataProperties.swift */; };
		FBB873E11CC5CDB400039353 /* Stop+Methods.swift in Sources */ = {isa = PBXBuildFile; fileRef = FBB873D11CC5CDB400039353 /* Stop+Methods.swift */; };
		FBB873E21CC5CDB400039353 /* Stop.swift in Sources */ = {isa = PBXBuildFile; fileRef = FBB873D21CC5CDB400039353 /* Stop.swift */; };
		FBB873E31CC5CDB400039353 /* VehicleLocation+CoreDataProperties.swift in Sources */ = {isa = PBXBuildFile; fileRef = FBB873D41CC5CDB400039353 /* VehicleLocation+CoreDataProperties.swift */; };
		FBB873E41CC5CDB400039353 /* VehicleLocation+Methods.swift in Sources */ = {isa = PBXBuildFile; fileRef = FBB873D51CC5CDB400039353 /* VehicleLocation+Methods.swift */; };
		FBB873E51CC5CDB400039353 /* VehicleLocation.swift in Sources */ = {isa = PBXBuildFile; fileRef = FBB873D61CC5CDB400039353 /* VehicleLocation.swift */; };
		FBB873E71CC5CE7700039353 /* Routes.swift in Sources */ = {isa = PBXBuildFile; fileRef = FBB873E61CC5CE7700039353 /* Routes.swift */; };
/* End PBXBuildFile section */

/* Begin PBXContainerItemProxy section */
		C54310CE1C9C94320080D65A /* PBXContainerItemProxy */ = {
			isa = PBXContainerItemProxy;
			containerPortal = FBB2CA511C699A31004D17D3 /* Project object */;
			proxyType = 1;
			remoteGlobalIDString = FBB2CA581C699A31004D17D3;
			remoteInfo = MetroTransit;
		};
		FBB2CA711C699A31004D17D3 /* PBXContainerItemProxy */ = {
			isa = PBXContainerItemProxy;
			containerPortal = FBB2CA511C699A31004D17D3 /* Project object */;
			proxyType = 1;
			remoteGlobalIDString = FBB2CA581C699A31004D17D3;
			remoteInfo = MetroTransit;
		};
/* End PBXContainerItemProxy section */

/* Begin PBXFileReference section */
		06D68035F2B9314E9DDC56E0 /* Pods-MetroTransit.debug.xcconfig */ = {isa = PBXFileReference; includeInIndex = 1; lastKnownFileType = text.xcconfig; name = "Pods-MetroTransit.debug.xcconfig"; path = "Pods/Target Support Files/Pods-MetroTransit/Pods-MetroTransit.debug.xcconfig"; sourceTree = "<group>"; };
		28F1359F0C2A68EB8629FD03 /* Pods-MetroTransitUITests.debug.xcconfig */ = {isa = PBXFileReference; includeInIndex = 1; lastKnownFileType = text.xcconfig; name = "Pods-MetroTransitUITests.debug.xcconfig"; path = "Pods/Target Support Files/Pods-MetroTransitUITests/Pods-MetroTransitUITests.debug.xcconfig"; sourceTree = "<group>"; };
		3A08C3B33D8A0FF06B752F49 /* Pods-MetroTransitTests.debug.xcconfig */ = {isa = PBXFileReference; includeInIndex = 1; lastKnownFileType = text.xcconfig; name = "Pods-MetroTransitTests.debug.xcconfig"; path = "Pods/Target Support Files/Pods-MetroTransitTests/Pods-MetroTransitTests.debug.xcconfig"; sourceTree = "<group>"; };
		717D58D3482AAE166D897ED7 /* Pods-MetroTransitUITests.release.xcconfig */ = {isa = PBXFileReference; includeInIndex = 1; lastKnownFileType = text.xcconfig; name = "Pods-MetroTransitUITests.release.xcconfig"; path = "Pods/Target Support Files/Pods-MetroTransitUITests/Pods-MetroTransitUITests.release.xcconfig"; sourceTree = "<group>"; };
		781C07B3BA0E753280F2F80B /* Pods-MetroTransitTests.release.xcconfig */ = {isa = PBXFileReference; includeInIndex = 1; lastKnownFileType = text.xcconfig; name = "Pods-MetroTransitTests.release.xcconfig"; path = "Pods/Target Support Files/Pods-MetroTransitTests/Pods-MetroTransitTests.release.xcconfig"; sourceTree = "<group>"; };
		93D770E759B172C348A7B970 /* Pods_MetroTransitTests.framework */ = {isa = PBXFileReference; explicitFileType = wrapper.framework; includeInIndex = 0; path = Pods_MetroTransitTests.framework; sourceTree = BUILT_PRODUCTS_DIR; };
		C54310B71C9C7B6B0080D65A /* HTTPClient.swift */ = {isa = PBXFileReference; fileEncoding = 4; lastKnownFileType = sourcecode.swift; path = HTTPClient.swift; sourceTree = "<group>"; };
		C54310C11C9C7DD20080D65A /* NetworkConfig.swift */ = {isa = PBXFileReference; fileEncoding = 4; lastKnownFileType = sourcecode.swift; path = NetworkConfig.swift; sourceTree = "<group>"; };
		C54310C91C9C94320080D65A /* MetroTransitUITests.xctest */ = {isa = PBXFileReference; explicitFileType = wrapper.cfbundle; includeInIndex = 0; path = MetroTransitUITests.xctest; sourceTree = BUILT_PRODUCTS_DIR; };
		C54310CB1C9C94320080D65A /* RouteTestBasic.swift */ = {isa = PBXFileReference; lastKnownFileType = sourcecode.swift; path = RouteTestBasic.swift; sourceTree = "<group>"; };
		C54310CD1C9C94320080D65A /* Info.plist */ = {isa = PBXFileReference; lastKnownFileType = text.plist.xml; path = Info.plist; sourceTree = "<group>"; };
		C54310D31C9C9AA40080D65A /* DirectionTestBasic.swift */ = {isa = PBXFileReference; fileEncoding = 4; lastKnownFileType = sourcecode.swift; path = DirectionTestBasic.swift; sourceTree = "<group>"; };
		C54310D51C9C9CB50080D65A /* XCTest+Wait.swift */ = {isa = PBXFileReference; fileEncoding = 4; lastKnownFileType = sourcecode.swift; path = "XCTest+Wait.swift"; sourceTree = "<group>"; };
		C54310D71C9C9F420080D65A /* short_routes.txt */ = {isa = PBXFileReference; fileEncoding = 4; lastKnownFileType = text; path = short_routes.txt; sourceTree = "<group>"; };
		C9E5BCD8E777F4540BF0D91C /* Pods_MetroTransitUITests.framework */ = {isa = PBXFileReference; explicitFileType = wrapper.framework; includeInIndex = 0; path = Pods_MetroTransitUITests.framework; sourceTree = BUILT_PRODUCTS_DIR; };
		DEF8000B9FE520985A25FFE8 /* Pods_MetroTransit.framework */ = {isa = PBXFileReference; explicitFileType = wrapper.framework; includeInIndex = 0; path = Pods_MetroTransit.framework; sourceTree = BUILT_PRODUCTS_DIR; };
		E7EC85033AFBC6BABFC1F613 /* Pods-MetroTransit.release.xcconfig */ = {isa = PBXFileReference; includeInIndex = 1; lastKnownFileType = text.xcconfig; name = "Pods-MetroTransit.release.xcconfig"; path = "Pods/Target Support Files/Pods-MetroTransit/Pods-MetroTransit.release.xcconfig"; sourceTree = "<group>"; };
		FB14BB781C8FC421000D37C5 /* DirectionsViewController.swift */ = {isa = PBXFileReference; fileEncoding = 4; lastKnownFileType = sourcecode.swift; path = DirectionsViewController.swift; sourceTree = "<group>"; };
		FB14BB7A1C8FC421000D37C5 /* ProvidersViewController.swift */ = {isa = PBXFileReference; fileEncoding = 4; lastKnownFileType = sourcecode.swift; path = ProvidersViewController.swift; sourceTree = "<group>"; };
		FB14BB7C1C8FC421000D37C5 /* RoutesViewController.swift */ = {isa = PBXFileReference; fileEncoding = 4; lastKnownFileType = sourcecode.swift; path = RoutesViewController.swift; sourceTree = "<group>"; };
		FB14BB7E1C8FC421000D37C5 /* StopsViewController.swift */ = {isa = PBXFileReference; fileEncoding = 4; lastKnownFileType = sourcecode.swift; path = StopsViewController.swift; sourceTree = "<group>"; };
		FB14BB801C8FC421000D37C5 /* UserAnnotation.swift */ = {isa = PBXFileReference; fileEncoding = 4; lastKnownFileType = sourcecode.swift; path = UserAnnotation.swift; sourceTree = "<group>"; };
		FB14BB811C8FC421000D37C5 /* VehicleAnnotation.swift */ = {isa = PBXFileReference; fileEncoding = 4; lastKnownFileType = sourcecode.swift; path = VehicleAnnotation.swift; sourceTree = "<group>"; };
		FB14BB821C8FC421000D37C5 /* VehiclesViewController.swift */ = {isa = PBXFileReference; fileEncoding = 4; lastKnownFileType = sourcecode.swift; path = VehiclesViewController.swift; sourceTree = "<group>"; };
		FB14BB941C8FC629000D37C5 /* DirectionsViewController+UITableView.swift */ = {isa = PBXFileReference; fileEncoding = 4; lastKnownFileType = sourcecode.swift; path = "DirectionsViewController+UITableView.swift"; sourceTree = "<group>"; };
		FB14BB961C8FC68F000D37C5 /* DirectionsViewModel.swift */ = {isa = PBXFileReference; fileEncoding = 4; lastKnownFileType = sourcecode.swift; path = DirectionsViewModel.swift; sourceTree = "<group>"; };
		FB14BB9A1C8FCD24000D37C5 /* NSManagedObject+Utility.swift */ = {isa = PBXFileReference; fileEncoding = 4; lastKnownFileType = sourcecode.swift; path = "NSManagedObject+Utility.swift"; sourceTree = "<group>"; };
		FB14BB9E1C8FDF34000D37C5 /* ProvidersViewController+UITableView.swift */ = {isa = PBXFileReference; fileEncoding = 4; lastKnownFileType = sourcecode.swift; path = "ProvidersViewController+UITableView.swift"; sourceTree = "<group>"; };
		FB14BBA21C8FE14A000D37C5 /* RoutesViewModel.swift */ = {isa = PBXFileReference; fileEncoding = 4; lastKnownFileType = sourcecode.swift; path = RoutesViewModel.swift; sourceTree = "<group>"; };
		FB14BBA41C8FE156000D37C5 /* RoutesViewController+UITableViewController.swift */ = {isa = PBXFileReference; fileEncoding = 4; lastKnownFileType = sourcecode.swift; path = "RoutesViewController+UITableViewController.swift"; sourceTree = "<group>"; };
		FB14BBA81C8FE293000D37C5 /* RoutesViewController+UISearchBar.swift */ = {isa = PBXFileReference; fileEncoding = 4; lastKnownFileType = sourcecode.swift; path = "RoutesViewController+UISearchBar.swift"; sourceTree = "<group>"; };
		FB14BBAA1C8FE30A000D37C5 /* StopsViewModel.swift */ = {isa = PBXFileReference; fileEncoding = 4; lastKnownFileType = sourcecode.swift; path = StopsViewModel.swift; sourceTree = "<group>"; };
		FB14BBAE1C8FE31E000D37C5 /* StopsViewController+UITableView.swift */ = {isa = PBXFileReference; fileEncoding = 4; lastKnownFileType = sourcecode.swift; path = "StopsViewController+UITableView.swift"; sourceTree = "<group>"; };
		FB14BBB01C8FE4CC000D37C5 /* VehiclesViewModel.swift */ = {isa = PBXFileReference; fileEncoding = 4; lastKnownFileType = sourcecode.swift; path = VehiclesViewModel.swift; sourceTree = "<group>"; };
		FB39EBCD1C699BDC009D8B95 /* MetroAPI.xcdatamodel */ = {isa = PBXFileReference; lastKnownFileType = wrapper.xcdatamodel; path = MetroAPI.xcdatamodel; sourceTree = "<group>"; };
		FB39EBD11C699E5D009D8B95 /* DirectionTests.swift */ = {isa = PBXFileReference; fileEncoding = 4; lastKnownFileType = sourcecode.swift; path = DirectionTests.swift; sourceTree = "<group>"; };
		FB39EBD21C699E5D009D8B95 /* ProviderTests.swift */ = {isa = PBXFileReference; fileEncoding = 4; lastKnownFileType = sourcecode.swift; path = ProviderTests.swift; sourceTree = "<group>"; };
		FB39EBD31C699E5D009D8B95 /* RouteTests.swift */ = {isa = PBXFileReference; fileEncoding = 4; lastKnownFileType = sourcecode.swift; path = RouteTests.swift; sourceTree = "<group>"; };
		FB39EBD41C699E5D009D8B95 /* StopTests.swift */ = {isa = PBXFileReference; fileEncoding = 4; lastKnownFileType = sourcecode.swift; path = StopTests.swift; sourceTree = "<group>"; };
		FB39EBD51C699E5D009D8B95 /* VehicleLocationTests.swift */ = {isa = PBXFileReference; fileEncoding = 4; lastKnownFileType = sourcecode.swift; path = VehicleLocationTests.swift; sourceTree = "<group>"; };
		FB936E031C908CC3008C7DDA /* VehiclesViewController+CoreLocation.swift */ = {isa = PBXFileReference; fileEncoding = 4; lastKnownFileType = sourcecode.swift; path = "VehiclesViewController+CoreLocation.swift"; sourceTree = "<group>"; };
		FB936E051C908CD2008C7DDA /* VehiclesViewController+MapKit.swift */ = {isa = PBXFileReference; fileEncoding = 4; lastKnownFileType = sourcecode.swift; path = "VehiclesViewController+MapKit.swift"; sourceTree = "<group>"; };
		FB936E081C908FE7008C7DDA /* DirectionsViewControllerTests.swift */ = {isa = PBXFileReference; fileEncoding = 4; lastKnownFileType = sourcecode.swift; path = DirectionsViewControllerTests.swift; sourceTree = "<group>"; };
		FB936E091C908FE7008C7DDA /* ProvidersViewControllerTests.swift */ = {isa = PBXFileReference; fileEncoding = 4; lastKnownFileType = sourcecode.swift; path = ProvidersViewControllerTests.swift; sourceTree = "<group>"; };
		FB936E0A1C908FE7008C7DDA /* RoutesViewControllerTests.swift */ = {isa = PBXFileReference; fileEncoding = 4; lastKnownFileType = sourcecode.swift; path = RoutesViewControllerTests.swift; sourceTree = "<group>"; };
		FB936E0B1C908FE7008C7DDA /* StopsViewControllerTests.swift */ = {isa = PBXFileReference; fileEncoding = 4; lastKnownFileType = sourcecode.swift; path = StopsViewControllerTests.swift; sourceTree = "<group>"; };
		FB936E0C1C908FE7008C7DDA /* UserAnnotationTests.swift */ = {isa = PBXFileReference; fileEncoding = 4; lastKnownFileType = sourcecode.swift; path = UserAnnotationTests.swift; sourceTree = "<group>"; };
		FB936E0D1C908FE7008C7DDA /* VehicleAnnotationTests.swift */ = {isa = PBXFileReference; fileEncoding = 4; lastKnownFileType = sourcecode.swift; path = VehicleAnnotationTests.swift; sourceTree = "<group>"; };
		FB936E0E1C908FE7008C7DDA /* VehiclesViewControllerTests.swift */ = {isa = PBXFileReference; fileEncoding = 4; lastKnownFileType = sourcecode.swift; path = VehiclesViewControllerTests.swift; sourceTree = "<group>"; };
		FB936E101C908FE7008C7DDA /* full_routes.txt */ = {isa = PBXFileReference; fileEncoding = 4; lastKnownFileType = text; path = full_routes.txt; sourceTree = "<group>"; };
		FBB2CA591C699A31004D17D3 /* MetroTransit.app */ = {isa = PBXFileReference; explicitFileType = wrapper.application; includeInIndex = 0; path = MetroTransit.app; sourceTree = BUILT_PRODUCTS_DIR; };
		FBB2CA5C1C699A31004D17D3 /* AppDelegate.swift */ = {isa = PBXFileReference; lastKnownFileType = sourcecode.swift; path = AppDelegate.swift; sourceTree = "<group>"; };
		FBB2CA611C699A31004D17D3 /* Base */ = {isa = PBXFileReference; lastKnownFileType = file.storyboard; name = Base; path = Base.lproj/Main.storyboard; sourceTree = "<group>"; };
		FBB2CA661C699A31004D17D3 /* Assets.xcassets */ = {isa = PBXFileReference; lastKnownFileType = folder.assetcatalog; path = Assets.xcassets; sourceTree = "<group>"; };
		FBB2CA691C699A31004D17D3 /* Base */ = {isa = PBXFileReference; lastKnownFileType = file.storyboard; name = Base; path = Base.lproj/LaunchScreen.storyboard; sourceTree = "<group>"; };
		FBB2CA6B1C699A31004D17D3 /* Info.plist */ = {isa = PBXFileReference; lastKnownFileType = text.plist.xml; path = Info.plist; sourceTree = "<group>"; };
		FBB2CA701C699A31004D17D3 /* MetroTransitTests.xctest */ = {isa = PBXFileReference; explicitFileType = wrapper.cfbundle; includeInIndex = 0; path = MetroTransitTests.xctest; sourceTree = BUILT_PRODUCTS_DIR; };
		FBB2CA761C699A31004D17D3 /* Info.plist */ = {isa = PBXFileReference; lastKnownFileType = text.plist.xml; path = Info.plist; sourceTree = "<group>"; };
		FBB873C11CC5CAF400039353 /* ProvidersViewModel.swift */ = {isa = PBXFileReference; fileEncoding = 4; lastKnownFileType = sourcecode.swift; path = ProvidersViewModel.swift; sourceTree = "<group>"; };
		FBB873C41CC5CDB400039353 /* Direction+CoreDataProperties.swift */ = {isa = PBXFileReference; fileEncoding = 4; lastKnownFileType = sourcecode.swift; path = "Direction+CoreDataProperties.swift"; sourceTree = "<group>"; };
		FBB873C51CC5CDB400039353 /* Direction+Methods.swift */ = {isa = PBXFileReference; fileEncoding = 4; lastKnownFileType = sourcecode.swift; path = "Direction+Methods.swift"; sourceTree = "<group>"; };
		FBB873C61CC5CDB400039353 /* Direction.swift */ = {isa = PBXFileReference; fileEncoding = 4; lastKnownFileType = sourcecode.swift; path = Direction.swift; sourceTree = "<group>"; };
		FBB873C81CC5CDB400039353 /* Provider+CoreDataProperties.swift */ = {isa = PBXFileReference; fileEncoding = 4; lastKnownFileType = sourcecode.swift; path = "Provider+CoreDataProperties.swift"; sourceTree = "<group>"; };
		FBB873C91CC5CDB400039353 /* Provider+Methods.swift */ = {isa = PBXFileReference; fileEncoding = 4; lastKnownFileType = sourcecode.swift; path = "Provider+Methods.swift"; sourceTree = "<group>"; };
		FBB873CA1CC5CDB400039353 /* Provider.swift */ = {isa = PBXFileReference; fileEncoding = 4; lastKnownFileType = sourcecode.swift; path = Provider.swift; sourceTree = "<group>"; };
		FBB873CC1CC5CDB400039353 /* Route+CoreDataProperties.swift */ = {isa = PBXFileReference; fileEncoding = 4; lastKnownFileType = sourcecode.swift; path = "Route+CoreDataProperties.swift"; sourceTree = "<group>"; };
		FBB873CD1CC5CDB400039353 /* Route+Methods.swift */ = {isa = PBXFileReference; fileEncoding = 4; lastKnownFileType = sourcecode.swift; path = "Route+Methods.swift"; sourceTree = "<group>"; };
		FBB873CE1CC5CDB400039353 /* Route.swift */ = {isa = PBXFileReference; fileEncoding = 4; lastKnownFileType = sourcecode.swift; path = Route.swift; sourceTree = "<group>"; };
		FBB873D01CC5CDB400039353 /* Stop+CoreDataProperties.swift */ = {isa = PBXFileReference; fileEncoding = 4; lastKnownFileType = sourcecode.swift; path = "Stop+CoreDataProperties.swift"; sourceTree = "<group>"; };
		FBB873D11CC5CDB400039353 /* Stop+Methods.swift */ = {isa = PBXFileReference; fileEncoding = 4; lastKnownFileType = sourcecode.swift; path = "Stop+Methods.swift"; sourceTree = "<group>"; };
		FBB873D21CC5CDB400039353 /* Stop.swift */ = {isa = PBXFileReference; fileEncoding = 4; lastKnownFileType = sourcecode.swift; path = Stop.swift; sourceTree = "<group>"; };
		FBB873D41CC5CDB400039353 /* VehicleLocation+CoreDataProperties.swift */ = {isa = PBXFileReference; fileEncoding = 4; lastKnownFileType = sourcecode.swift; path = "VehicleLocation+CoreDataProperties.swift"; sourceTree = "<group>"; };
		FBB873D51CC5CDB400039353 /* VehicleLocation+Methods.swift */ = {isa = PBXFileReference; fileEncoding = 4; lastKnownFileType = sourcecode.swift; path = "VehicleLocation+Methods.swift"; sourceTree = "<group>"; };
		FBB873D61CC5CDB400039353 /* VehicleLocation.swift */ = {isa = PBXFileReference; fileEncoding = 4; lastKnownFileType = sourcecode.swift; path = VehicleLocation.swift; sourceTree = "<group>"; };
		FBB873E61CC5CE7700039353 /* Routes.swift */ = {isa = PBXFileReference; fileEncoding = 4; lastKnownFileType = sourcecode.swift; path = Routes.swift; sourceTree = "<group>"; };
/* End PBXFileReference section */

/* Begin PBXFrameworksBuildPhase section */
		C54310C61C9C94320080D65A /* Frameworks */ = {
			isa = PBXFrameworksBuildPhase;
			buildActionMask = 2147483647;
			files = (
			);
			runOnlyForDeploymentPostprocessing = 0;
		};
		FBB2CA561C699A31004D17D3 /* Frameworks */ = {
			isa = PBXFrameworksBuildPhase;
			buildActionMask = 2147483647;
			files = (
				07F45C4216E3D01B40FA2EDB /* Pods_MetroTransit.framework in Frameworks */,
			);
			runOnlyForDeploymentPostprocessing = 0;
		};
		FBB2CA6D1C699A31004D17D3 /* Frameworks */ = {
			isa = PBXFrameworksBuildPhase;
			buildActionMask = 2147483647;
			files = (
				E9E9F37C0686308234788731 /* Pods_MetroTransitTests.framework in Frameworks */,
			);
			runOnlyForDeploymentPostprocessing = 0;
		};
/* End PBXFrameworksBuildPhase section */

/* Begin PBXGroup section */
		2F38DB289A138684A5B56C6E /* Pods */ = {
			isa = PBXGroup;
			children = (
				06D68035F2B9314E9DDC56E0 /* Pods-MetroTransit.debug.xcconfig */,
				E7EC85033AFBC6BABFC1F613 /* Pods-MetroTransit.release.xcconfig */,
				3A08C3B33D8A0FF06B752F49 /* Pods-MetroTransitTests.debug.xcconfig */,
				781C07B3BA0E753280F2F80B /* Pods-MetroTransitTests.release.xcconfig */,
				28F1359F0C2A68EB8629FD03 /* Pods-MetroTransitUITests.debug.xcconfig */,
				717D58D3482AAE166D897ED7 /* Pods-MetroTransitUITests.release.xcconfig */,
			);
			name = Pods;
			sourceTree = "<group>";
		};
		5CE719056BE3F52EA855CA9B /* Frameworks */ = {
			isa = PBXGroup;
			children = (
				DEF8000B9FE520985A25FFE8 /* Pods_MetroTransit.framework */,
				93D770E759B172C348A7B970 /* Pods_MetroTransitTests.framework */,
				C9E5BCD8E777F4540BF0D91C /* Pods_MetroTransitUITests.framework */,
			);
			name = Frameworks;
			sourceTree = "<group>";
		};
		C54310B61C9C7B6B0080D65A /* Network */ = {
			isa = PBXGroup;
			children = (
				C54310B71C9C7B6B0080D65A /* HTTPClient.swift */,
				C54310C11C9C7DD20080D65A /* NetworkConfig.swift */,
			);
			path = Network;
			sourceTree = "<group>";
		};
		C54310CA1C9C94320080D65A /* MetroTransitUITests */ = {
			isa = PBXGroup;
			children = (
				C54310CB1C9C94320080D65A /* RouteTestBasic.swift */,
				C54310CD1C9C94320080D65A /* Info.plist */,
				C54310D31C9C9AA40080D65A /* DirectionTestBasic.swift */,
				C54310D51C9C9CB50080D65A /* XCTest+Wait.swift */,
			);
			path = MetroTransitUITests;
			sourceTree = "<group>";
		};
		FB14BB761C8FC421000D37C5 /* Controller */ = {
			isa = PBXGroup;
			children = (
				FB14BB771C8FC421000D37C5 /* Direction */,
				FB14BB791C8FC421000D37C5 /* Provider */,
				FB14BB7B1C8FC421000D37C5 /* Route */,
				FB14BB7D1C8FC421000D37C5 /* Stop */,
				FB14BB7F1C8FC421000D37C5 /* Vehicle */,
			);
			path = Controller;
			sourceTree = "<group>";
		};
		FB14BB771C8FC421000D37C5 /* Direction */ = {
			isa = PBXGroup;
			children = (
				FB14BB961C8FC68F000D37C5 /* DirectionsViewModel.swift */,
				FB14BB781C8FC421000D37C5 /* DirectionsViewController.swift */,
				FB14BB941C8FC629000D37C5 /* DirectionsViewController+UITableView.swift */,
			);
			path = Direction;
			sourceTree = "<group>";
		};
		FB14BB791C8FC421000D37C5 /* Provider */ = {
			isa = PBXGroup;
			children = (
				FBB873C11CC5CAF400039353 /* ProvidersViewModel.swift */,
				FB14BB7A1C8FC421000D37C5 /* ProvidersViewController.swift */,
				FB14BB9E1C8FDF34000D37C5 /* ProvidersViewController+UITableView.swift */,
			);
			path = Provider;
			sourceTree = "<group>";
		};
		FB14BB7B1C8FC421000D37C5 /* Route */ = {
			isa = PBXGroup;
			children = (
				FB14BBA21C8FE14A000D37C5 /* RoutesViewModel.swift */,
				FB14BB7C1C8FC421000D37C5 /* RoutesViewController.swift */,
				FB14BBA81C8FE293000D37C5 /* RoutesViewController+UISearchBar.swift */,
				FB14BBA41C8FE156000D37C5 /* RoutesViewController+UITableViewController.swift */,
			);
			path = Route;
			sourceTree = "<group>";
		};
		FB14BB7D1C8FC421000D37C5 /* Stop */ = {
			isa = PBXGroup;
			children = (
				FB14BBAA1C8FE30A000D37C5 /* StopsViewModel.swift */,
				FB14BB7E1C8FC421000D37C5 /* StopsViewController.swift */,
				FB14BBAE1C8FE31E000D37C5 /* StopsViewController+UITableView.swift */,
			);
			path = Stop;
			sourceTree = "<group>";
		};
		FB14BB7F1C8FC421000D37C5 /* Vehicle */ = {
			isa = PBXGroup;
			children = (
				FB14BB801C8FC421000D37C5 /* UserAnnotation.swift */,
				FB14BB811C8FC421000D37C5 /* VehicleAnnotation.swift */,
				FB14BBB01C8FE4CC000D37C5 /* VehiclesViewModel.swift */,
				FB14BB821C8FC421000D37C5 /* VehiclesViewController.swift */,
				FB936E031C908CC3008C7DDA /* VehiclesViewController+CoreLocation.swift */,
				FB936E051C908CD2008C7DDA /* VehiclesViewController+MapKit.swift */,
			);
			path = Vehicle;
			sourceTree = "<group>";
		};
		FB39EBAA1C699B71009D8B95 /* Model */ = {
			isa = PBXGroup;
			children = (
				FBB873C31CC5CDB400039353 /* Direction */,
				FB14BB9A1C8FCD24000D37C5 /* NSManagedObject+Utility.swift */,
				FBB873C71CC5CDB400039353 /* Provider */,
				FBB873CB1CC5CDB400039353 /* Route */,
				FBB873CF1CC5CDB400039353 /* Stop */,
				FBB873D31CC5CDB400039353 /* Vehicle */,
			);
			path = Model;
			sourceTree = "<group>";
		};
		FB39EBD01C699E5D009D8B95 /* Model */ = {
			isa = PBXGroup;
			children = (
				FB39EBD11C699E5D009D8B95 /* DirectionTests.swift */,
				FB39EBD21C699E5D009D8B95 /* ProviderTests.swift */,
				FB39EBD31C699E5D009D8B95 /* RouteTests.swift */,
				FB39EBD41C699E5D009D8B95 /* StopTests.swift */,
				FB39EBD51C699E5D009D8B95 /* VehicleLocationTests.swift */,
			);
			path = Model;
			sourceTree = "<group>";
		};
		FB936E071C908FE7008C7DDA /* Controller */ = {
			isa = PBXGroup;
			children = (
				FB936E081C908FE7008C7DDA /* DirectionsViewControllerTests.swift */,
				FB936E091C908FE7008C7DDA /* ProvidersViewControllerTests.swift */,
				FB936E0A1C908FE7008C7DDA /* RoutesViewControllerTests.swift */,
				FB936E0B1C908FE7008C7DDA /* StopsViewControllerTests.swift */,
				FB936E0C1C908FE7008C7DDA /* UserAnnotationTests.swift */,
				FB936E0D1C908FE7008C7DDA /* VehicleAnnotationTests.swift */,
				FB936E0E1C908FE7008C7DDA /* VehiclesViewControllerTests.swift */,
			);
			path = Controller;
			sourceTree = "<group>";
		};
		FB936E0F1C908FE7008C7DDA /* Stubs */ = {
			isa = PBXGroup;
			children = (
				C54310D71C9C9F420080D65A /* short_routes.txt */,
				FB936E101C908FE7008C7DDA /* full_routes.txt */,
			);
			path = Stubs;
			sourceTree = "<group>";
		};
		FBB2CA501C699A31004D17D3 = {
			isa = PBXGroup;
			children = (
				FBB2CA5B1C699A31004D17D3 /* MetroTransit */,
				FBB2CA731C699A31004D17D3 /* MetroTransitTests */,
				C54310CA1C9C94320080D65A /* MetroTransitUITests */,
				FBB2CA5A1C699A31004D17D3 /* Products */,
				2F38DB289A138684A5B56C6E /* Pods */,
				5CE719056BE3F52EA855CA9B /* Frameworks */,
			);
			sourceTree = "<group>";
		};
		FBB2CA5A1C699A31004D17D3 /* Products */ = {
			isa = PBXGroup;
			children = (
				FBB2CA591C699A31004D17D3 /* MetroTransit.app */,
				FBB2CA701C699A31004D17D3 /* MetroTransitTests.xctest */,
				C54310C91C9C94320080D65A /* MetroTransitUITests.xctest */,
			);
			name = Products;
			sourceTree = "<group>";
		};
		FBB2CA5B1C699A31004D17D3 /* MetroTransit */ = {
			isa = PBXGroup;
			children = (
				C54310B61C9C7B6B0080D65A /* Network */,
				FBB2CA5C1C699A31004D17D3 /* AppDelegate.swift */,
				FBB2CA661C699A31004D17D3 /* Assets.xcassets */,
				FB39EBAA1C699B71009D8B95 /* Model */,
				FB14BB761C8FC421000D37C5 /* Controller */,
				FBB2CA6B1C699A31004D17D3 /* Info.plist */,
				FBB2CA681C699A31004D17D3 /* LaunchScreen.storyboard */,
				FBB2CA601C699A31004D17D3 /* Main.storyboard */,
				FB39EBCC1C699BDC009D8B95 /* MetroAPI.xcdatamodeld */,
			);
			path = MetroTransit;
			sourceTree = "<group>";
		};
		FBB2CA731C699A31004D17D3 /* MetroTransitTests */ = {
			isa = PBXGroup;
			children = (
				FB936E071C908FE7008C7DDA /* Controller */,
				FBB2CA761C699A31004D17D3 /* Info.plist */,
				FB39EBD01C699E5D009D8B95 /* Model */,
				FB936E0F1C908FE7008C7DDA /* Stubs */,
			);
			path = MetroTransitTests;
			sourceTree = "<group>";
		};
		FBB873C31CC5CDB400039353 /* Direction */ = {
			isa = PBXGroup;
			children = (
				FBB873C41CC5CDB400039353 /* Direction+CoreDataProperties.swift */,
				FBB873C51CC5CDB400039353 /* Direction+Methods.swift */,
				FBB873C61CC5CDB400039353 /* Direction.swift */,
			);
			path = Direction;
			sourceTree = "<group>";
		};
		FBB873C71CC5CDB400039353 /* Provider */ = {
			isa = PBXGroup;
			children = (
				FBB873C81CC5CDB400039353 /* Provider+CoreDataProperties.swift */,
				FBB873C91CC5CDB400039353 /* Provider+Methods.swift */,
				FBB873CA1CC5CDB400039353 /* Provider.swift */,
			);
			path = Provider;
			sourceTree = "<group>";
		};
		FBB873CB1CC5CDB400039353 /* Route */ = {
			isa = PBXGroup;
			children = (
				FBB873CC1CC5CDB400039353 /* Route+CoreDataProperties.swift */,
				FBB873CD1CC5CDB400039353 /* Route+Methods.swift */,
				FBB873CE1CC5CDB400039353 /* Route.swift */,
				FBB873E61CC5CE7700039353 /* Routes.swift */,
			);
			path = Route;
			sourceTree = "<group>";
		};
		FBB873CF1CC5CDB400039353 /* Stop */ = {
			isa = PBXGroup;
			children = (
				FBB873D01CC5CDB400039353 /* Stop+CoreDataProperties.swift */,
				FBB873D11CC5CDB400039353 /* Stop+Methods.swift */,
				FBB873D21CC5CDB400039353 /* Stop.swift */,
			);
			path = Stop;
			sourceTree = "<group>";
		};
		FBB873D31CC5CDB400039353 /* Vehicle */ = {
			isa = PBXGroup;
			children = (
				FBB873D41CC5CDB400039353 /* VehicleLocation+CoreDataProperties.swift */,
				FBB873D51CC5CDB400039353 /* VehicleLocation+Methods.swift */,
				FBB873D61CC5CDB400039353 /* VehicleLocation.swift */,
			);
			path = Vehicle;
			sourceTree = "<group>";
		};
/* End PBXGroup section */

/* Begin PBXNativeTarget section */
		C54310C81C9C94320080D65A /* MetroTransitUITests */ = {
			isa = PBXNativeTarget;
			buildConfigurationList = C54310D01C9C94320080D65A /* Build configuration list for PBXNativeTarget "MetroTransitUITests" */;
			buildPhases = (
				C54310C51C9C94320080D65A /* Sources */,
				C54310C61C9C94320080D65A /* Frameworks */,
				C54310C71C9C94320080D65A /* Resources */,
			);
			buildRules = (
			);
			dependencies = (
				C54310CF1C9C94320080D65A /* PBXTargetDependency */,
			);
			name = MetroTransitUITests;
			productName = MetroTransitUITests;
			productReference = C54310C91C9C94320080D65A /* MetroTransitUITests.xctest */;
			productType = "com.apple.product-type.bundle.ui-testing";
		};
		FBB2CA581C699A31004D17D3 /* MetroTransit */ = {
			isa = PBXNativeTarget;
			buildConfigurationList = FBB2CA841C699A31004D17D3 /* Build configuration list for PBXNativeTarget "MetroTransit" */;
			buildPhases = (
				CA37B9C3144877EDB76D45C9 /* Check Pods Manifest.lock */,
				FBB2CA551C699A31004D17D3 /* Sources */,
				FBB2CA561C699A31004D17D3 /* Frameworks */,
				FBB2CA571C699A31004D17D3 /* Resources */,
				FDA32356EF63F37AF43667A9 /* Embed Pods Frameworks */,
				F6B163FCCA1E2AB0FA711ECF /* Copy Pods Resources */,
			);
			buildRules = (
			);
			dependencies = (
			);
			name = MetroTransit;
			productName = MetroTransit;
			productReference = FBB2CA591C699A31004D17D3 /* MetroTransit.app */;
			productType = "com.apple.product-type.application";
		};
		FBB2CA6F1C699A31004D17D3 /* MetroTransitTests */ = {
			isa = PBXNativeTarget;
			buildConfigurationList = FBB2CA871C699A31004D17D3 /* Build configuration list for PBXNativeTarget "MetroTransitTests" */;
			buildPhases = (
				C158E3ECA6550BE840249922 /* Check Pods Manifest.lock */,
				FBB2CA6C1C699A31004D17D3 /* Sources */,
				FBB2CA6D1C699A31004D17D3 /* Frameworks */,
				FBB2CA6E1C699A31004D17D3 /* Resources */,
				69908DA18C0FB4770DDCE6BE /* Embed Pods Frameworks */,
				E236D0CC911C32EA7551C4D6 /* Copy Pods Resources */,
			);
			buildRules = (
			);
			dependencies = (
				FBB2CA721C699A31004D17D3 /* PBXTargetDependency */,
			);
			name = MetroTransitTests;
			productName = MetroTransitTests;
			productReference = FBB2CA701C699A31004D17D3 /* MetroTransitTests.xctest */;
			productType = "com.apple.product-type.bundle.unit-test";
		};
/* End PBXNativeTarget section */

/* Begin PBXProject section */
		FBB2CA511C699A31004D17D3 /* Project object */ = {
			isa = PBXProject;
			attributes = {
				LastSwiftUpdateCheck = 0720;
				LastUpgradeCheck = 0720;
				ORGANIZATIONNAME = "Brandon Jenniges";
				TargetAttributes = {
					C54310C81C9C94320080D65A = {
						CreatedOnToolsVersion = 7.2.1;
						TestTargetID = FBB2CA581C699A31004D17D3;
					};
					FBB2CA581C699A31004D17D3 = {
						CreatedOnToolsVersion = 7.2.1;
					};
					FBB2CA6F1C699A31004D17D3 = {
						CreatedOnToolsVersion = 7.2.1;
						TestTargetID = FBB2CA581C699A31004D17D3;
					};
				};
			};
			buildConfigurationList = FBB2CA541C699A31004D17D3 /* Build configuration list for PBXProject "MetroTransit" */;
			compatibilityVersion = "Xcode 3.2";
			developmentRegion = English;
			hasScannedForEncodings = 0;
			knownRegions = (
				en,
				Base,
			);
			mainGroup = FBB2CA501C699A31004D17D3;
			productRefGroup = FBB2CA5A1C699A31004D17D3 /* Products */;
			projectDirPath = "";
			projectRoot = "";
			targets = (
				FBB2CA581C699A31004D17D3 /* MetroTransit */,
				FBB2CA6F1C699A31004D17D3 /* MetroTransitTests */,
				C54310C81C9C94320080D65A /* MetroTransitUITests */,
			);
		};
/* End PBXProject section */

/* Begin PBXResourcesBuildPhase section */
		C54310C71C9C94320080D65A /* Resources */ = {
			isa = PBXResourcesBuildPhase;
			buildActionMask = 2147483647;
			files = (
			);
			runOnlyForDeploymentPostprocessing = 0;
		};
		FBB2CA571C699A31004D17D3 /* Resources */ = {
			isa = PBXResourcesBuildPhase;
			buildActionMask = 2147483647;
			files = (
				FBB2CA6A1C699A31004D17D3 /* LaunchScreen.storyboard in Resources */,
				FBB2CA671C699A31004D17D3 /* Assets.xcassets in Resources */,
				FBB2CA621C699A31004D17D3 /* Main.storyboard in Resources */,
			);
			runOnlyForDeploymentPostprocessing = 0;
		};
		FBB2CA6E1C699A31004D17D3 /* Resources */ = {
			isa = PBXResourcesBuildPhase;
			buildActionMask = 2147483647;
			files = (
				FB936E181C908FE7008C7DDA /* full_routes.txt in Resources */,
				C54310D81C9C9F420080D65A /* short_routes.txt in Resources */,
			);
			runOnlyForDeploymentPostprocessing = 0;
		};
/* End PBXResourcesBuildPhase section */

/* Begin PBXShellScriptBuildPhase section */
		69908DA18C0FB4770DDCE6BE /* Embed Pods Frameworks */ = {
			isa = PBXShellScriptBuildPhase;
			buildActionMask = 2147483647;
			files = (
			);
			inputPaths = (
			);
			name = "Embed Pods Frameworks";
			outputPaths = (
			);
			runOnlyForDeploymentPostprocessing = 0;
			shellPath = /bin/sh;
			shellScript = "\"${SRCROOT}/Pods/Target Support Files/Pods-MetroTransitTests/Pods-MetroTransitTests-frameworks.sh\"\n";
			showEnvVarsInLog = 0;
		};
		C158E3ECA6550BE840249922 /* Check Pods Manifest.lock */ = {
			isa = PBXShellScriptBuildPhase;
			buildActionMask = 2147483647;
			files = (
			);
			inputPaths = (
			);
			name = "Check Pods Manifest.lock";
			outputPaths = (
			);
			runOnlyForDeploymentPostprocessing = 0;
			shellPath = /bin/sh;
			shellScript = "diff \"${PODS_ROOT}/../Podfile.lock\" \"${PODS_ROOT}/Manifest.lock\" > /dev/null\nif [[ $? != 0 ]] ; then\n    cat << EOM\nerror: The sandbox is not in sync with the Podfile.lock. Run 'pod install' or update your CocoaPods installation.\nEOM\n    exit 1\nfi\n";
			showEnvVarsInLog = 0;
		};
		CA37B9C3144877EDB76D45C9 /* Check Pods Manifest.lock */ = {
			isa = PBXShellScriptBuildPhase;
			buildActionMask = 2147483647;
			files = (
			);
			inputPaths = (
			);
			name = "Check Pods Manifest.lock";
			outputPaths = (
			);
			runOnlyForDeploymentPostprocessing = 0;
			shellPath = /bin/sh;
			shellScript = "diff \"${PODS_ROOT}/../Podfile.lock\" \"${PODS_ROOT}/Manifest.lock\" > /dev/null\nif [[ $? != 0 ]] ; then\n    cat << EOM\nerror: The sandbox is not in sync with the Podfile.lock. Run 'pod install' or update your CocoaPods installation.\nEOM\n    exit 1\nfi\n";
			showEnvVarsInLog = 0;
		};
		E236D0CC911C32EA7551C4D6 /* Copy Pods Resources */ = {
			isa = PBXShellScriptBuildPhase;
			buildActionMask = 2147483647;
			files = (
			);
			inputPaths = (
			);
			name = "Copy Pods Resources";
			outputPaths = (
			);
			runOnlyForDeploymentPostprocessing = 0;
			shellPath = /bin/sh;
			shellScript = "\"${SRCROOT}/Pods/Target Support Files/Pods-MetroTransitTests/Pods-MetroTransitTests-resources.sh\"\n";
			showEnvVarsInLog = 0;
		};
		F6B163FCCA1E2AB0FA711ECF /* Copy Pods Resources */ = {
			isa = PBXShellScriptBuildPhase;
			buildActionMask = 2147483647;
			files = (
			);
			inputPaths = (
			);
			name = "Copy Pods Resources";
			outputPaths = (
			);
			runOnlyForDeploymentPostprocessing = 0;
			shellPath = /bin/sh;
			shellScript = "\"${SRCROOT}/Pods/Target Support Files/Pods-MetroTransit/Pods-MetroTransit-resources.sh\"\n";
			showEnvVarsInLog = 0;
		};
		FDA32356EF63F37AF43667A9 /* Embed Pods Frameworks */ = {
			isa = PBXShellScriptBuildPhase;
			buildActionMask = 2147483647;
			files = (
			);
			inputPaths = (
			);
			name = "Embed Pods Frameworks";
			outputPaths = (
			);
			runOnlyForDeploymentPostprocessing = 0;
			shellPath = /bin/sh;
			shellScript = "\"${SRCROOT}/Pods/Target Support Files/Pods-MetroTransit/Pods-MetroTransit-frameworks.sh\"\n";
			showEnvVarsInLog = 0;
		};
/* End PBXShellScriptBuildPhase section */

/* Begin PBXSourcesBuildPhase section */
		C54310C51C9C94320080D65A /* Sources */ = {
			isa = PBXSourcesBuildPhase;
			buildActionMask = 2147483647;
			files = (
				C54310D41C9C9AA40080D65A /* DirectionTestBasic.swift in Sources */,
				C54310CC1C9C94320080D65A /* RouteTestBasic.swift in Sources */,
				C54310D61C9C9CB50080D65A /* XCTest+Wait.swift in Sources */,
			);
			runOnlyForDeploymentPostprocessing = 0;
		};
		FBB2CA551C699A31004D17D3 /* Sources */ = {
			isa = PBXSourcesBuildPhase;
			buildActionMask = 2147483647;
			files = (
				FB14BBA91C8FE293000D37C5 /* RoutesViewController+UISearchBar.swift in Sources */,
				FBB873DD1CC5CDB400039353 /* Route+CoreDataProperties.swift in Sources */,
				FB14BB9F1C8FDF34000D37C5 /* ProvidersViewController+UITableView.swift in Sources */,
				FBB873DA1CC5CDB400039353 /* Provider+CoreDataProperties.swift in Sources */,
				C54310C21C9C7DD20080D65A /* NetworkConfig.swift in Sources */,
				FBB873D71CC5CDB400039353 /* Direction+CoreDataProperties.swift in Sources */,
				FB14BB951C8FC629000D37C5 /* DirectionsViewController+UITableView.swift in Sources */,
				C54310B81C9C7B6B0080D65A /* HTTPClient.swift in Sources */,
				FB14BB891C8FC421000D37C5 /* VehiclesViewController.swift in Sources */,
				FB14BBA51C8FE156000D37C5 /* RoutesViewController+UITableViewController.swift in Sources */,
				FB14BB841C8FC421000D37C5 /* ProvidersViewController.swift in Sources */,
				FBB873E31CC5CDB400039353 /* VehicleLocation+CoreDataProperties.swift in Sources */,
				FBB873E21CC5CDB400039353 /* Stop.swift in Sources */,
				FB14BBA31C8FE14A000D37C5 /* RoutesViewModel.swift in Sources */,
				FB14BB851C8FC421000D37C5 /* RoutesViewController.swift in Sources */,
				FB936E061C908CD2008C7DDA /* VehiclesViewController+MapKit.swift in Sources */,
				FB14BBB11C8FE4CC000D37C5 /* VehiclesViewModel.swift in Sources */,
				FBB873E71CC5CE7700039353 /* Routes.swift in Sources */,
				FB14BB871C8FC421000D37C5 /* UserAnnotation.swift in Sources */,
				FB14BB971C8FC68F000D37C5 /* DirectionsViewModel.swift in Sources */,
				FBB873E51CC5CDB400039353 /* VehicleLocation.swift in Sources */,
				FB936E041C908CC3008C7DDA /* VehiclesViewController+CoreLocation.swift in Sources */,
				FBB873E11CC5CDB400039353 /* Stop+Methods.swift in Sources */,
				FBB873C21CC5CAF400039353 /* ProvidersViewModel.swift in Sources */,
				FB39EBCE1C699BDC009D8B95 /* MetroAPI.xcdatamodeld in Sources */,
				FBB873DB1CC5CDB400039353 /* Provider+Methods.swift in Sources */,
				FBB873E41CC5CDB400039353 /* VehicleLocation+Methods.swift in Sources */,
				FB14BB861C8FC421000D37C5 /* StopsViewController.swift in Sources */,
				FBB2CA5D1C699A31004D17D3 /* AppDelegate.swift in Sources */,
				FB14BB9B1C8FCD24000D37C5 /* NSManagedObject+Utility.swift in Sources */,
				FBB873DF1CC5CDB400039353 /* Route.swift in Sources */,
				FB14BBAB1C8FE30A000D37C5 /* StopsViewModel.swift in Sources */,
				FB14BB881C8FC421000D37C5 /* VehicleAnnotation.swift in Sources */,
				FB14BB831C8FC421000D37C5 /* DirectionsViewController.swift in Sources */,
				FBB873D81CC5CDB400039353 /* Direction+Methods.swift in Sources */,
				FBB873E01CC5CDB400039353 /* Stop+CoreDataProperties.swift in Sources */,
				FBB873DE1CC5CDB400039353 /* Route+Methods.swift in Sources */,
				FB14BBAF1C8FE31E000D37C5 /* StopsViewController+UITableView.swift in Sources */,
				FBB873DC1CC5CDB400039353 /* Provider.swift in Sources */,
				FBB873D91CC5CDB400039353 /* Direction.swift in Sources */,
			);
			runOnlyForDeploymentPostprocessing = 0;
		};
		FBB2CA6C1C699A31004D17D3 /* Sources */ = {
			isa = PBXSourcesBuildPhase;
			buildActionMask = 2147483647;
			files = (
				FB39EBDE1C699E5D009D8B95 /* ProviderTests.swift in Sources */,
				FB936E161C908FE7008C7DDA /* VehicleAnnotationTests.swift in Sources */,
				FB936E121C908FE7008C7DDA /* ProvidersViewControllerTests.swift in Sources */,
				FB936E171C908FE7008C7DDA /* VehiclesViewControllerTests.swift in Sources */,
				FB39EBDF1C699E5D009D8B95 /* RouteTests.swift in Sources */,
				FB936E111C908FE7008C7DDA /* DirectionsViewControllerTests.swift in Sources */,
				FB936E141C908FE7008C7DDA /* StopsViewControllerTests.swift in Sources */,
				FB936E151C908FE7008C7DDA /* UserAnnotationTests.swift in Sources */,
				FB39EBE11C699E5D009D8B95 /* VehicleLocationTests.swift in Sources */,
				FB39EBE01C699E5D009D8B95 /* StopTests.swift in Sources */,
				FB936E131C908FE7008C7DDA /* RoutesViewControllerTests.swift in Sources */,
				FB39EBDD1C699E5D009D8B95 /* DirectionTests.swift in Sources */,
			);
			runOnlyForDeploymentPostprocessing = 0;
		};
/* End PBXSourcesBuildPhase section */

/* Begin PBXTargetDependency section */
		C54310CF1C9C94320080D65A /* PBXTargetDependency */ = {
			isa = PBXTargetDependency;
			target = FBB2CA581C699A31004D17D3 /* MetroTransit */;
			targetProxy = C54310CE1C9C94320080D65A /* PBXContainerItemProxy */;
		};
		FBB2CA721C699A31004D17D3 /* PBXTargetDependency */ = {
			isa = PBXTargetDependency;
			target = FBB2CA581C699A31004D17D3 /* MetroTransit */;
			targetProxy = FBB2CA711C699A31004D17D3 /* PBXContainerItemProxy */;
		};
/* End PBXTargetDependency section */

/* Begin PBXVariantGroup section */
		FBB2CA601C699A31004D17D3 /* Main.storyboard */ = {
			isa = PBXVariantGroup;
			children = (
				FBB2CA611C699A31004D17D3 /* Base */,
			);
			name = Main.storyboard;
			sourceTree = "<group>";
		};
		FBB2CA681C699A31004D17D3 /* LaunchScreen.storyboard */ = {
			isa = PBXVariantGroup;
			children = (
				FBB2CA691C699A31004D17D3 /* Base */,
			);
			name = LaunchScreen.storyboard;
			sourceTree = "<group>";
		};
/* End PBXVariantGroup section */

/* Begin XCBuildConfiguration section */
		C54310D11C9C94320080D65A /* Debug */ = {
			isa = XCBuildConfiguration;
			buildSettings = {
				INFOPLIST_FILE = MetroTransitUITests/Info.plist;
				LD_RUNPATH_SEARCH_PATHS = "$(inherited) @executable_path/Frameworks @loader_path/Frameworks";
				PRODUCT_BUNDLE_IDENTIFIER = com.brandonjenniges.MetroTransitUITests;
				PRODUCT_NAME = "$(TARGET_NAME)";
				TEST_TARGET_NAME = MetroTransit;
				USES_XCTRUNNER = YES;
			};
			name = Debug;
		};
		C54310D21C9C94320080D65A /* Release */ = {
			isa = XCBuildConfiguration;
			buildSettings = {
				INFOPLIST_FILE = MetroTransitUITests/Info.plist;
				LD_RUNPATH_SEARCH_PATHS = "$(inherited) @executable_path/Frameworks @loader_path/Frameworks";
				PRODUCT_BUNDLE_IDENTIFIER = com.brandonjenniges.MetroTransitUITests;
				PRODUCT_NAME = "$(TARGET_NAME)";
				TEST_TARGET_NAME = MetroTransit;
				USES_XCTRUNNER = YES;
			};
			name = Release;
		};
		FBB2CA821C699A31004D17D3 /* Debug */ = {
			isa = XCBuildConfiguration;
			buildSettings = {
				ALWAYS_SEARCH_USER_PATHS = NO;
				CLANG_CXX_LANGUAGE_STANDARD = "gnu++0x";
				CLANG_CXX_LIBRARY = "libc++";
				CLANG_ENABLE_MODULES = YES;
				CLANG_ENABLE_OBJC_ARC = YES;
				CLANG_WARN_BOOL_CONVERSION = YES;
				CLANG_WARN_CONSTANT_CONVERSION = YES;
				CLANG_WARN_DIRECT_OBJC_ISA_USAGE = YES_ERROR;
				CLANG_WARN_EMPTY_BODY = YES;
				CLANG_WARN_ENUM_CONVERSION = YES;
				CLANG_WARN_INT_CONVERSION = YES;
				CLANG_WARN_OBJC_ROOT_CLASS = YES_ERROR;
				CLANG_WARN_UNREACHABLE_CODE = YES;
				CLANG_WARN__DUPLICATE_METHOD_MATCH = YES;
				"CODE_SIGN_IDENTITY[sdk=iphoneos*]" = "iPhone Developer";
				COPY_PHASE_STRIP = NO;
				DEBUG_INFORMATION_FORMAT = dwarf;
				ENABLE_STRICT_OBJC_MSGSEND = YES;
				ENABLE_TESTABILITY = YES;
				GCC_C_LANGUAGE_STANDARD = gnu99;
				GCC_DYNAMIC_NO_PIC = NO;
				GCC_NO_COMMON_BLOCKS = YES;
				GCC_OPTIMIZATION_LEVEL = 0;
				GCC_PREPROCESSOR_DEFINITIONS = (
					"DEBUG=1",
					"$(inherited)",
				);
				GCC_WARN_64_TO_32_BIT_CONVERSION = YES;
				GCC_WARN_ABOUT_RETURN_TYPE = YES_ERROR;
				GCC_WARN_UNDECLARED_SELECTOR = YES;
				GCC_WARN_UNINITIALIZED_AUTOS = YES_AGGRESSIVE;
				GCC_WARN_UNUSED_FUNCTION = YES;
				GCC_WARN_UNUSED_VARIABLE = YES;
				IPHONEOS_DEPLOYMENT_TARGET = 9.2;
				MTL_ENABLE_DEBUG_INFO = YES;
				ONLY_ACTIVE_ARCH = YES;
				SDKROOT = iphoneos;
				SWIFT_OPTIMIZATION_LEVEL = "-Onone";
			};
			name = Debug;
		};
		FBB2CA831C699A31004D17D3 /* Release */ = {
			isa = XCBuildConfiguration;
			buildSettings = {
				ALWAYS_SEARCH_USER_PATHS = NO;
				CLANG_CXX_LANGUAGE_STANDARD = "gnu++0x";
				CLANG_CXX_LIBRARY = "libc++";
				CLANG_ENABLE_MODULES = YES;
				CLANG_ENABLE_OBJC_ARC = YES;
				CLANG_WARN_BOOL_CONVERSION = YES;
				CLANG_WARN_CONSTANT_CONVERSION = YES;
				CLANG_WARN_DIRECT_OBJC_ISA_USAGE = YES_ERROR;
				CLANG_WARN_EMPTY_BODY = YES;
				CLANG_WARN_ENUM_CONVERSION = YES;
				CLANG_WARN_INT_CONVERSION = YES;
				CLANG_WARN_OBJC_ROOT_CLASS = YES_ERROR;
				CLANG_WARN_UNREACHABLE_CODE = YES;
				CLANG_WARN__DUPLICATE_METHOD_MATCH = YES;
				"CODE_SIGN_IDENTITY[sdk=iphoneos*]" = "iPhone Developer";
				COPY_PHASE_STRIP = NO;
				DEBUG_INFORMATION_FORMAT = "dwarf-with-dsym";
				ENABLE_NS_ASSERTIONS = NO;
				ENABLE_STRICT_OBJC_MSGSEND = YES;
				GCC_C_LANGUAGE_STANDARD = gnu99;
				GCC_NO_COMMON_BLOCKS = YES;
				GCC_WARN_64_TO_32_BIT_CONVERSION = YES;
				GCC_WARN_ABOUT_RETURN_TYPE = YES_ERROR;
				GCC_WARN_UNDECLARED_SELECTOR = YES;
				GCC_WARN_UNINITIALIZED_AUTOS = YES_AGGRESSIVE;
				GCC_WARN_UNUSED_FUNCTION = YES;
				GCC_WARN_UNUSED_VARIABLE = YES;
				IPHONEOS_DEPLOYMENT_TARGET = 9.2;
				MTL_ENABLE_DEBUG_INFO = NO;
				SDKROOT = iphoneos;
				VALIDATE_PRODUCT = YES;
			};
			name = Release;
		};
		FBB2CA851C699A31004D17D3 /* Debug */ = {
			isa = XCBuildConfiguration;
			baseConfigurationReference = 06D68035F2B9314E9DDC56E0 /* Pods-MetroTransit.debug.xcconfig */;
			buildSettings = {
				ASSETCATALOG_COMPILER_APPICON_NAME = AppIcon;
				INFOPLIST_FILE = MetroTransit/Info.plist;
				IPHONEOS_DEPLOYMENT_TARGET = 8.0;
				LD_RUNPATH_SEARCH_PATHS = "$(inherited) @executable_path/Frameworks";
				PRODUCT_BUNDLE_IDENTIFIER = com.brandon.jenniges.MetroTransit;
				PRODUCT_NAME = "$(TARGET_NAME)";
			};
			name = Debug;
		};
		FBB2CA861C699A31004D17D3 /* Release */ = {
			isa = XCBuildConfiguration;
			baseConfigurationReference = E7EC85033AFBC6BABFC1F613 /* Pods-MetroTransit.release.xcconfig */;
			buildSettings = {
				ASSETCATALOG_COMPILER_APPICON_NAME = AppIcon;
				INFOPLIST_FILE = MetroTransit/Info.plist;
				IPHONEOS_DEPLOYMENT_TARGET = 8.0;
				LD_RUNPATH_SEARCH_PATHS = "$(inherited) @executable_path/Frameworks";
				PRODUCT_BUNDLE_IDENTIFIER = com.brandon.jenniges.MetroTransit;
				PRODUCT_NAME = "$(TARGET_NAME)";
			};
			name = Release;
		};
		FBB2CA881C699A31004D17D3 /* Debug */ = {
			isa = XCBuildConfiguration;
			baseConfigurationReference = 3A08C3B33D8A0FF06B752F49 /* Pods-MetroTransitTests.debug.xcconfig */;
			buildSettings = {
				BUNDLE_LOADER = "$(TEST_HOST)";
				CLANG_ENABLE_MODULES = YES;
				INFOPLIST_FILE = MetroTransitTests/Info.plist;
				LD_RUNPATH_SEARCH_PATHS = "$(inherited) @executable_path/Frameworks @loader_path/Frameworks";
				PRODUCT_BUNDLE_IDENTIFIER = com.brandon.jenniges.MetroTransitTests;
				PRODUCT_NAME = "$(TARGET_NAME)";
				SWIFT_OPTIMIZATION_LEVEL = "-Onone";
				TEST_HOST = "$(BUILT_PRODUCTS_DIR)/MetroTransit.app/MetroTransit";
			};
			name = Debug;
		};
		FBB2CA891C699A31004D17D3 /* Release */ = {
			isa = XCBuildConfiguration;
			baseConfigurationReference = 781C07B3BA0E753280F2F80B /* Pods-MetroTransitTests.release.xcconfig */;
			buildSettings = {
				BUNDLE_LOADER = "$(TEST_HOST)";
				CLANG_ENABLE_MODULES = YES;
				INFOPLIST_FILE = MetroTransitTests/Info.plist;
				LD_RUNPATH_SEARCH_PATHS = "$(inherited) @executable_path/Frameworks @loader_path/Frameworks";
				PRODUCT_BUNDLE_IDENTIFIER = com.brandon.jenniges.MetroTransitTests;
				PRODUCT_NAME = "$(TARGET_NAME)";
				TEST_HOST = "$(BUILT_PRODUCTS_DIR)/MetroTransit.app/MetroTransit";
			};
			name = Release;
		};
/* End XCBuildConfiguration section */

/* Begin XCConfigurationList section */
		C54310D01C9C94320080D65A /* Build configuration list for PBXNativeTarget "MetroTransitUITests" */ = {
			isa = XCConfigurationList;
			buildConfigurations = (
				C54310D11C9C94320080D65A /* Debug */,
				C54310D21C9C94320080D65A /* Release */,
			);
			defaultConfigurationIsVisible = 0;
			defaultConfigurationName = Release;
		};
		FBB2CA541C699A31004D17D3 /* Build configuration list for PBXProject "MetroTransit" */ = {
			isa = XCConfigurationList;
			buildConfigurations = (
				FBB2CA821C699A31004D17D3 /* Debug */,
				FBB2CA831C699A31004D17D3 /* Release */,
			);
			defaultConfigurationIsVisible = 0;
			defaultConfigurationName = Release;
		};
		FBB2CA841C699A31004D17D3 /* Build configuration list for PBXNativeTarget "MetroTransit" */ = {
			isa = XCConfigurationList;
			buildConfigurations = (
				FBB2CA851C699A31004D17D3 /* Debug */,
				FBB2CA861C699A31004D17D3 /* Release */,
			);
			defaultConfigurationIsVisible = 0;
			defaultConfigurationName = Release;
		};
		FBB2CA871C699A31004D17D3 /* Build configuration list for PBXNativeTarget "MetroTransitTests" */ = {
			isa = XCConfigurationList;
			buildConfigurations = (
				FBB2CA881C699A31004D17D3 /* Debug */,
				FBB2CA891C699A31004D17D3 /* Release */,
			);
			defaultConfigurationIsVisible = 0;
			defaultConfigurationName = Release;
		};
/* End XCConfigurationList section */

/* Begin XCVersionGroup section */
		FB39EBCC1C699BDC009D8B95 /* MetroAPI.xcdatamodeld */ = {
			isa = XCVersionGroup;
			children = (
				FB39EBCD1C699BDC009D8B95 /* MetroAPI.xcdatamodel */,
			);
			currentVersion = FB39EBCD1C699BDC009D8B95 /* MetroAPI.xcdatamodel */;
			path = MetroAPI.xcdatamodeld;
			sourceTree = "<group>";
			versionGroupType = wrapper.xcdatamodel;
		};
/* End XCVersionGroup section */
	};
	rootObject = FBB2CA511C699A31004D17D3 /* Project object */;
}
